PODS:
  - SDWebImage (5.14.3):
    - SDWebImage/Core (= 5.14.3)
  - SDWebImage/Core (5.14.3)

DEPENDENCIES:
  - SDWebImage (~> 5.0)

SPEC REPOS:
  trunk:
    - SDWebImage

SPEC CHECKSUMS:
  SDWebImage: 9c36e66c8ce4620b41a7407698dda44211a96764

PODFILE CHECKSUM: b57e4439f18727c816e29710a616f147de6ef8c0

COCOAPODS: 1.11.3
